
Microsoft Visual Studio Solution File, Format Version 12.00
# Visual Studio 15
VisualStudioVersion = 15.0.26730.10
MinimumVisualStudioVersion = 10.0.40219.1
Project("{FAE04EC0-301F-11D3-BF4B-00C04F79EFBC}") = "LearningApplication", "LearningApplication\LearningApplication.csproj", "{7DAB62A2-5AA0-4B4F-82AF-FDF165E7960D}"
EndProject
Global
	GlobalSection(SolutionConfigurationPlatforms) = preSolution
		Debug|Any CPU = Debug|Any CPU
		Release|Any CPU = Release|Any CPU
	EndGlobalSection
	GlobalSection(ProjectConfigurationPlatforms) = postSolution
		{7DAB62A2-5AA0-4B4F-82AF-FDF165E7960D}.Debug|Any CPU.ActiveCfg = Debug|Any CPU
		{7DAB62A2-5AA0-4B4F-82AF-FDF165E7960D}.Debug|Any CPU.Build.0 = Debug|Any CPU
		{7DAB62A2-5AA0-4B4F-82AF-FDF165E7960D}.Release|Any CPU.ActiveCfg = Release|Any CPU
		{7DAB62A2-5AA0-4B4F-82AF-FDF165E7960D}.Release|Any CPU.Build.0 = Release|Any CPU
	EndGlobalSection
	GlobalSection(SolutionProperties) = preSolution
		HideSolutionNode = FALSE
	EndGlobalSection
	GlobalSection(ExtensibilityGlobals) = postSolution
		SolutionGuid = {E3EF59E7-C2DB-4A63-A7E6-73D36ECE82E4}
	EndGlobalSection
EndGlobal
